<?xml version="1.0" encoding="utf-8"?>
<Project ToolsVersion="4.0" xmlns="http://schemas.microsoft.com/developer/msbuild/2003">
  <ItemGroup>
    <Filter Include="Source Files">
      <UniqueIdentifier>{4FC737F1-C7A5-4376-A066-2A32D752A2FF}</UniqueIdentifier>
      <Extensions>cpp;c;cxx;def;odl;idl;hpj;bat;asm;asmx</Extensions>
    </Filter>
    <Filter Include="Header Files">
      <UniqueIdentifier>{93995380-89BD-4b04-88EB-625FBE52EBFB}</UniqueIdentifier>
      <Extensions>h;hpp;hxx;hm;inl;inc;xsd</Extensions>
    </Filter>
  </ItemGroup>
  <ItemGroup>
    <ClCompile Include="grid_model\cartesian_grid.cpp">
      <Filter>Source Files</Filter>
    </ClCompile>
    <ClCompile Include="grid_model\combined_neighborhood.cpp">
      <Filter>Source Files</Filter>
    </ClCompile>
    <ClCompile Include="grid_model\cross_variog_computer.cpp">
      <Filter>Source Files</Filter>
    </ClCompile>
    <ClCompile Include="grid_model\geostat_grid.cpp">
      <Filter>Source Files</Filter>
    </ClCompile>
    <ClCompile Include="grid_model\geovalue.cpp">
      <Filter>Source Files</Filter>
    </ClCompile>
    <ClCompile Include="grid_model\grid_categorical_property.cpp">
      <Filter>Source Files</Filter>
    </ClCompile>
    <ClCompile Include="grid_model\grid_initializer.cpp">
      <Filter>Source Files</Filter>
    </ClCompile>
    <ClCompile Include="grid_model\grid_property.cpp">
      <Filter>Source Files</Filter>
    </ClCompile>
    <ClCompile Include="grid_model\grid_property_manager.cpp">
      <Filter>Source Files</Filter>
    </ClCompile>
    <ClCompile Include="grid_model\grid_property_set.cpp">
      <Filter>Source Files</Filter>
    </ClCompile>
    <ClCompile Include="grid_model\grid_region_manager.cpp">
      <Filter>Source Files</Filter>
    </ClCompile>
    <ClCompile Include="grid_model\gstl_kdtree2.cpp">
      <Filter>Source Files</Filter>
    </ClCompile>
    <ClCompile Include="library_grid_init.cpp">
      <Filter>Source Files</Filter>
    </ClCompile>
    <ClCompile Include="mgrid_neighborhood.cpp">
      <Filter>Source Files</Filter>
    </ClCompile>
    <ClCompile Include="grid_model\neighborhood.cpp">
      <Filter>Source Files</Filter>
    </ClCompile>
    <ClCompile Include="grid_model\point_set.cpp">
      <Filter>Source Files</Filter>
    </ClCompile>
    <ClCompile Include="grid_model\point_set_neighborhood.cpp">
      <Filter>Source Files</Filter>
    </ClCompile>
    <ClCompile Include="grid_model\property_copier.cpp">
      <Filter>Source Files</Filter>
    </ClCompile>
    <ClCompile Include="grid_model\reduced_grid.cpp">
      <Filter>Source Files</Filter>
    </ClCompile>
    <ClCompile Include="grid_model\rgrid.cpp">
      <Filter>Source Files</Filter>
    </ClCompile>
    <ClCompile Include="grid_model\rgrid_geometry.cpp">
      <Filter>Source Files</Filter>
    </ClCompile>
    <ClCompile Include="grid_model\rgrid_gval_accessor.cpp">
      <Filter>Source Files</Filter>
    </ClCompile>
    <ClCompile Include="grid_model\rgrid_neighborhood.cpp">
      <Filter>Source Files</Filter>
    </ClCompile>
    <ClCompile Include="grid_model\superblock.cpp">
      <Filter>Source Files</Filter>
    </ClCompile>
    <ClCompile Include="grid_model\log_data_grid.cpp">
      <Filter>Source Files</Filter>
    </ClCompile>
    <ClCompile Include="grid_model\grid_weigth_property.cpp">
      <Filter>Source Files</Filter>
    </ClCompile>
    <ClCompile Include="distribution_utilities.cpp">
      <Filter>Source Files</Filter>
    </ClCompile>
    <ClCompile Include="grid_model\grid_downscaler.cpp">
      <Filter>Source Files</Filter>
    </ClCompile>
    <ClCompile Include="grid_model\structured_grid.cpp">
      <Filter>Source Files</Filter>
    </ClCompile>
    <ClCompile Include="property_transformer.cpp">
      <Filter>Source Files</Filter>
    </ClCompile>
    <ClCompile Include="coordinate_mapper.cpp">
      <Filter>Source Files</Filter>
    </ClCompile>
    <ClCompile Include="grid_filter.cpp">
      <Filter>Source Files</Filter>
    </ClCompile>
  </ItemGroup>
  <ItemGroup>
    <ClInclude Include="grid_model\cartesian_grid.h">
      <Filter>Header Files</Filter>
    </ClInclude>
    <ClInclude Include="grid_model\combined_neighborhood.h">
      <Filter>Header Files</Filter>
    </ClInclude>
    <ClInclude Include="common.h">
      <Filter>Header Files</Filter>
    </ClInclude>
    <ClInclude Include="grid_model\cross_variog_computer.h">
      <Filter>Header Files</Filter>
    </ClInclude>
    <ClInclude Include="grid_model\geostat_grid.h">
      <Filter>Header Files</Filter>
    </ClInclude>
    <ClInclude Include="grid_model\geovalue.h">
      <Filter>Header Files</Filter>
    </ClInclude>
    <ClInclude Include="grid_model\grid_categorical_property.h">
      <Filter>Header Files</Filter>
    </ClInclude>
    <ClInclude Include="grid_model\grid_initializer.h">
      <Filter>Header Files</Filter>
    </ClInclude>
    <ClInclude Include="grid_model\grid_property.h">
      <Filter>Header Files</Filter>
    </ClInclude>
    <ClInclude Include="grid_model\grid_property_manager.h">
      <Filter>Header Files</Filter>
    </ClInclude>
    <ClInclude Include="grid_model\grid_property_set.h">
      <Filter>Header Files</Filter>
    </ClInclude>
    <ClInclude Include="grid_model\grid_region.h">
      <Filter>Header Files</Filter>
    </ClInclude>
    <ClInclude Include="grid_model\grid_region_manager.h">
      <Filter>Header Files</Filter>
    </ClInclude>
    <ClInclude Include="grid_model\grid_region_temp_selector.h">
      <Filter>Header Files</Filter>
    </ClInclude>
    <ClInclude Include="grid_model\grid_topology.h">
      <Filter>Header Files</Filter>
    </ClInclude>
    <ClInclude Include="grid_model\gstl_kdtree2.h">
      <Filter>Header Files</Filter>
    </ClInclude>
    <ClInclude Include="grid_model\gval_iterator.h">
      <Filter>Header Files</Filter>
    </ClInclude>
    <ClInclude Include="library_grid_init.h">
      <Filter>Header Files</Filter>
    </ClInclude>
    <ClInclude Include="maskedgridcursor.h">
      <Filter>Header Files</Filter>
    </ClInclude>
    <ClInclude Include="mgrid_neighborhood.h">
      <Filter>Header Files</Filter>
    </ClInclude>
    <ClInclude Include="grid_model\neighborhood.h">
      <Filter>Header Files</Filter>
    </ClInclude>
    <ClInclude Include="grid_model\point_set.h">
      <Filter>Header Files</Filter>
    </ClInclude>
    <ClInclude Include="grid_model\point_set_neighborhood.h">
      <Filter>Header Files</Filter>
    </ClInclude>
    <ClInclude Include="grid_model\property_copier.h">
      <Filter>Header Files</Filter>
    </ClInclude>
    <ClInclude Include="grid_model\reduced_grid.h">
      <Filter>Header Files</Filter>
    </ClInclude>
    <ClInclude Include="grid_model\rgrid.h">
      <Filter>Header Files</Filter>
    </ClInclude>
    <ClInclude Include="grid_model\rgrid_geometry.h">
      <Filter>Header Files</Filter>
    </ClInclude>
    <ClInclude Include="grid_model\rgrid_gval_accessor.h">
      <Filter>Header Files</Filter>
    </ClInclude>
    <ClInclude Include="grid_model\rgrid_iterator.h">
      <Filter>Header Files</Filter>
    </ClInclude>
    <ClInclude Include="grid_model\rgrid_neighborhood.h">
      <Filter>Header Files</Filter>
    </ClInclude>
    <ClInclude Include="grid_model\search_filters.h">
      <Filter>Header Files</Filter>
    </ClInclude>
    <ClInclude Include="grid_model\sgrid_cursor.h">
      <Filter>Header Files</Filter>
    </ClInclude>
    <ClInclude Include="grid_model\strati_grid.h">
      <Filter>Header Files</Filter>
    </ClInclude>
    <ClInclude Include="grid_model\superblock.h">
      <Filter>Header Files</Filter>
    </ClInclude>
    <ClInclude Include="grid_model\log_data_grid.h">
      <Filter>Header Files</Filter>
    </ClInclude>
    <ClInclude Include="grid_model\grid_weight_property.h">
      <Filter>Header Files</Filter>
    </ClInclude>
    <ClInclude Include="distribution_utilities.h">
      <Filter>Header Files</Filter>
    </ClInclude>
    <ClInclude Include="grid_model\grid_downscaler.h">
      <Filter>Header Files</Filter>
    </ClInclude>
    <ClInclude Include="grid_model\structured_grid.h">
      <Filter>Header Files</Filter>
    </ClInclude>
    <ClInclude Include="property_transformer.h">
      <Filter>Header Files</Filter>
    </ClInclude>
    <ClInclude Include="topology.h">
      <Filter>Header Files</Filter>
    </ClInclude>
    <ClInclude Include="coordinate_mapper.h">
      <Filter>Header Files</Filter>
    </ClInclude>
    <ClInclude Include="grid_filter.h">
      <Filter>Header Files</Filter>
    </ClInclude>
  </ItemGroup>
</Project>