<?xml version="1.0" encoding="utf-8"?>
<Project ToolsVersion="4.0" xmlns="http://schemas.microsoft.com/developer/msbuild/2003">
  <ItemGroup>
    <Filter Include="Source Files">
      <UniqueIdentifier>{4FC737F1-C7A5-4376-A066-2A32D752A2FF}</UniqueIdentifier>
      <Extensions>cpp;c;cxx;def;odl;idl;hpj;bat;asm;asmx</Extensions>
    </Filter>
    <Filter Include="Header Files">
      <UniqueIdentifier>{93995380-89BD-4b04-88EB-625FBE52EBFB}</UniqueIdentifier>
      <Extensions>h;hpp;hxx;hm;inl;inc;xsd</Extensions>
    </Filter>
  </ItemGroup>
  <ItemGroup>
    <ClCompile Include="algorithms_actions.cpp">
      <Filter>Source Files</Filter>
    </ClCompile>
    <ClCompile Include="categorical_definition_actions.cpp">
      <Filter>Source Files</Filter>
    </ClCompile>
    <ClCompile Include="library_actions_init.cpp">
      <Filter>Source Files</Filter>
    </ClCompile>
    <ClCompile Include="maskedgrid_actions.cpp">
      <Filter>Source Files</Filter>
    </ClCompile>
    <ClCompile Include="misc_actions.cpp">
      <Filter>Source Files</Filter>
    </ClCompile>
    <ClCompile Include="obj_manag_actions.cpp">
      <Filter>Source Files</Filter>
    </ClCompile>
    <ClCompile Include="property_group_actions.cpp">
      <Filter>Source Files</Filter>
    </ClCompile>
    <ClCompile Include="python_commands.cpp">
      <Filter>Source Files</Filter>
    </ClCompile>
    <ClCompile Include="python_group_script.cpp">
      <Filter>Source Files</Filter>
    </ClCompile>
    <ClCompile Include="python_script.cpp">
      <Filter>Source Files</Filter>
    </ClCompile>
    <ClCompile Include="python_wrapper.cpp">
      <Filter>Source Files</Filter>
    </ClCompile>
    <ClCompile Include="unary_action.cpp">
      <Filter>Source Files</Filter>
    </ClCompile>
    <ClCompile Include="distribution_action.cpp">
      <Filter>Source Files</Filter>
    </ClCompile>
    <ClCompile Include="property_transformer_actions.cpp">
      <Filter>Source Files</Filter>
    </ClCompile>
  </ItemGroup>
  <ItemGroup>
    <ClInclude Include="action.h">
      <Filter>Header Files</Filter>
    </ClInclude>
    <ClInclude Include="algorithms_actions.h">
      <Filter>Header Files</Filter>
    </ClInclude>
    <ClInclude Include="categorical_definition_actions.h">
      <Filter>Header Files</Filter>
    </ClInclude>
    <ClInclude Include="common.h">
      <Filter>Header Files</Filter>
    </ClInclude>
    <ClInclude Include="defines.h">
      <Filter>Header Files</Filter>
    </ClInclude>
    <ClInclude Include="library_actions_init.h">
      <Filter>Header Files</Filter>
    </ClInclude>
    <ClInclude Include="maskedgrid_actions.h">
      <Filter>Header Files</Filter>
    </ClInclude>
    <ClInclude Include="misc_actions.h">
      <Filter>Header Files</Filter>
    </ClInclude>
    <ClInclude Include="obj_manag_actions.h">
      <Filter>Header Files</Filter>
    </ClInclude>
    <ClInclude Include="property_group_actions.h">
      <Filter>Header Files</Filter>
    </ClInclude>
    <ClInclude Include="python_commands.h">
      <Filter>Header Files</Filter>
    </ClInclude>
    <ClInclude Include="python_group_script.h">
      <Filter>Header Files</Filter>
    </ClInclude>
    <ClInclude Include="python_script.h">
      <Filter>Header Files</Filter>
    </ClInclude>
    <ClInclude Include="python_wrapper.h">
      <Filter>Header Files</Filter>
    </ClInclude>
    <ClInclude Include="unary_action.h">
      <Filter>Header Files</Filter>
    </ClInclude>
    <ClInclude Include="distribution_action.h">
      <Filter>Header Files</Filter>
    </ClInclude>
    <ClInclude Include="property_transformer_actions.h">
      <Filter>Header Files</Filter>
    </ClInclude>
  </ItemGroup>
</Project>