<?xml version="1.0" encoding="utf-8"?>
<Project ToolsVersion="4.0" xmlns="http://schemas.microsoft.com/developer/msbuild/2003">
  <ItemGroup>
    <Filter Include="Source Files">
      <UniqueIdentifier>{4FC737F1-C7A5-4376-A066-2A32D752A2FF}</UniqueIdentifier>
      <Extensions>cpp;c;cxx;def;odl;idl;hpj;bat;asm;asmx</Extensions>
    </Filter>
    <Filter Include="Header Files">
      <UniqueIdentifier>{93995380-89BD-4b04-88EB-625FBE52EBFB}</UniqueIdentifier>
      <Extensions>h;hpp;hxx;hm;inl;inc;xsd</Extensions>
    </Filter>
    <Filter Include="Generated Files">
      <UniqueIdentifier>{71ED8ED8-ACB9-4CE9-BBE1-E00B30144E11}</UniqueIdentifier>
      <Extensions>cpp;c;cxx;moc;h;def;odl;idl;res;</Extensions>
    </Filter>
  </ItemGroup>
  <ItemGroup>
    <ClCompile Include="qwt_abstract_scale_draw.cpp">
      <Filter>Source Files</Filter>
    </ClCompile>
    <ClCompile Include="qwt_color_map.cpp">
      <Filter>Source Files</Filter>
    </ClCompile>
    <ClCompile Include="qwt_curve_fitter.cpp">
      <Filter>Source Files</Filter>
    </ClCompile>
    <ClCompile Include="qwt_data.cpp">
      <Filter>Source Files</Filter>
    </ClCompile>
    <ClCompile Include="qwt_double_interval.cpp">
      <Filter>Source Files</Filter>
    </ClCompile>
    <ClCompile Include="qwt_double_rect.cpp">
      <Filter>Source Files</Filter>
    </ClCompile>
    <ClCompile Include="qwt_dyngrid_layout.cpp">
      <Filter>Source Files</Filter>
    </ClCompile>
    <ClCompile Include="qwt_event_pattern.cpp">
      <Filter>Source Files</Filter>
    </ClCompile>
    <ClCompile Include="qwt_interval_data.cpp">
      <Filter>Source Files</Filter>
    </ClCompile>
    <ClCompile Include="qwt_layout_metrics.cpp">
      <Filter>Source Files</Filter>
    </ClCompile>
    <ClCompile Include="qwt_legend.cpp">
      <Filter>Source Files</Filter>
    </ClCompile>
    <ClCompile Include="qwt_legend_item.cpp">
      <Filter>Source Files</Filter>
    </ClCompile>
    <ClCompile Include="qwt_math.cpp">
      <Filter>Source Files</Filter>
    </ClCompile>
    <ClCompile Include="qwt_paint_buffer.cpp">
      <Filter>Source Files</Filter>
    </ClCompile>
    <ClCompile Include="qwt_painter.cpp">
      <Filter>Source Files</Filter>
    </ClCompile>
    <ClCompile Include="qwt_panner.cpp">
      <Filter>Source Files</Filter>
    </ClCompile>
    <ClCompile Include="qwt_picker.cpp">
      <Filter>Source Files</Filter>
    </ClCompile>
    <ClCompile Include="qwt_picker_machine.cpp">
      <Filter>Source Files</Filter>
    </ClCompile>
    <ClCompile Include="qwt_plot.cpp">
      <Filter>Source Files</Filter>
    </ClCompile>
    <ClCompile Include="qwt_plot_axis.cpp">
      <Filter>Source Files</Filter>
    </ClCompile>
    <ClCompile Include="qwt_plot_canvas.cpp">
      <Filter>Source Files</Filter>
    </ClCompile>
    <ClCompile Include="qwt_plot_curve.cpp">
      <Filter>Source Files</Filter>
    </ClCompile>
    <ClCompile Include="qwt_plot_dict.cpp">
      <Filter>Source Files</Filter>
    </ClCompile>
    <ClCompile Include="qwt_plot_grid.cpp">
      <Filter>Source Files</Filter>
    </ClCompile>
    <ClCompile Include="qwt_plot_item.cpp">
      <Filter>Source Files</Filter>
    </ClCompile>
    <ClCompile Include="qwt_plot_layout.cpp">
      <Filter>Source Files</Filter>
    </ClCompile>
    <ClCompile Include="qwt_plot_magnifier.cpp">
      <Filter>Source Files</Filter>
    </ClCompile>
    <ClCompile Include="qwt_plot_marker.cpp">
      <Filter>Source Files</Filter>
    </ClCompile>
    <ClCompile Include="qwt_plot_panner.cpp">
      <Filter>Source Files</Filter>
    </ClCompile>
    <ClCompile Include="qwt_plot_picker.cpp">
      <Filter>Source Files</Filter>
    </ClCompile>
    <ClCompile Include="qwt_plot_print.cpp">
      <Filter>Source Files</Filter>
    </ClCompile>
    <ClCompile Include="qwt_plot_printfilter.cpp">
      <Filter>Source Files</Filter>
    </ClCompile>
    <ClCompile Include="qwt_plot_rasteritem.cpp">
      <Filter>Source Files</Filter>
    </ClCompile>
    <ClCompile Include="qwt_plot_spectrogram.cpp">
      <Filter>Source Files</Filter>
    </ClCompile>
    <ClCompile Include="qwt_plot_xml.cpp">
      <Filter>Source Files</Filter>
    </ClCompile>
    <ClCompile Include="qwt_plot_zoomer.cpp">
      <Filter>Source Files</Filter>
    </ClCompile>
    <ClCompile Include="qwt_raster_data.cpp">
      <Filter>Source Files</Filter>
    </ClCompile>
    <ClCompile Include="qwt_rect.cpp">
      <Filter>Source Files</Filter>
    </ClCompile>
    <ClCompile Include="qwt_round_scale_draw.cpp">
      <Filter>Source Files</Filter>
    </ClCompile>
    <ClCompile Include="qwt_scale_div.cpp">
      <Filter>Source Files</Filter>
    </ClCompile>
    <ClCompile Include="qwt_scale_draw.cpp">
      <Filter>Source Files</Filter>
    </ClCompile>
    <ClCompile Include="qwt_scale_engine.cpp">
      <Filter>Source Files</Filter>
    </ClCompile>
    <ClCompile Include="qwt_scale_map.cpp">
      <Filter>Source Files</Filter>
    </ClCompile>
    <ClCompile Include="qwt_scale_widget.cpp">
      <Filter>Source Files</Filter>
    </ClCompile>
    <ClCompile Include="qwt_spline.cpp">
      <Filter>Source Files</Filter>
    </ClCompile>
    <ClCompile Include="qwt_symbol.cpp">
      <Filter>Source Files</Filter>
    </ClCompile>
    <ClCompile Include="qwt_text.cpp">
      <Filter>Source Files</Filter>
    </ClCompile>
    <ClCompile Include="qwt_text_engine.cpp">
      <Filter>Source Files</Filter>
    </ClCompile>
    <ClCompile Include="qwt_text_label.cpp">
      <Filter>Source Files</Filter>
    </ClCompile>
    <ClCompile Include="release\moc_qwt_dyngrid_layout.cpp">
      <Filter>Generated Files</Filter>
    </ClCompile>
    <ClCompile Include="debug\moc_qwt_dyngrid_layout.cpp">
      <Filter>Generated Files</Filter>
    </ClCompile>
    <ClCompile Include="release\moc_qwt_legend.cpp">
      <Filter>Generated Files</Filter>
    </ClCompile>
    <ClCompile Include="debug\moc_qwt_legend.cpp">
      <Filter>Generated Files</Filter>
    </ClCompile>
    <ClCompile Include="release\moc_qwt_legend_item.cpp">
      <Filter>Generated Files</Filter>
    </ClCompile>
    <ClCompile Include="debug\moc_qwt_legend_item.cpp">
      <Filter>Generated Files</Filter>
    </ClCompile>
    <ClCompile Include="debug\moc_qwt_panner.cpp">
      <Filter>Generated Files</Filter>
    </ClCompile>
    <ClCompile Include="release\moc_qwt_panner.cpp">
      <Filter>Generated Files</Filter>
    </ClCompile>
    <ClCompile Include="release\moc_qwt_picker.cpp">
      <Filter>Generated Files</Filter>
    </ClCompile>
    <ClCompile Include="debug\moc_qwt_picker.cpp">
      <Filter>Generated Files</Filter>
    </ClCompile>
    <ClCompile Include="release\moc_qwt_plot.cpp">
      <Filter>Generated Files</Filter>
    </ClCompile>
    <ClCompile Include="debug\moc_qwt_plot.cpp">
      <Filter>Generated Files</Filter>
    </ClCompile>
    <ClCompile Include="debug\moc_qwt_plot_canvas.cpp">
      <Filter>Generated Files</Filter>
    </ClCompile>
    <ClCompile Include="release\moc_qwt_plot_canvas.cpp">
      <Filter>Generated Files</Filter>
    </ClCompile>
    <ClCompile Include="release\moc_qwt_plot_magnifier.cpp">
      <Filter>Generated Files</Filter>
    </ClCompile>
    <ClCompile Include="debug\moc_qwt_plot_magnifier.cpp">
      <Filter>Generated Files</Filter>
    </ClCompile>
    <ClCompile Include="release\moc_qwt_plot_panner.cpp">
      <Filter>Generated Files</Filter>
    </ClCompile>
    <ClCompile Include="debug\moc_qwt_plot_panner.cpp">
      <Filter>Generated Files</Filter>
    </ClCompile>
    <ClCompile Include="release\moc_qwt_plot_picker.cpp">
      <Filter>Generated Files</Filter>
    </ClCompile>
    <ClCompile Include="debug\moc_qwt_plot_picker.cpp">
      <Filter>Generated Files</Filter>
    </ClCompile>
    <ClCompile Include="debug\moc_qwt_plot_zoomer.cpp">
      <Filter>Generated Files</Filter>
    </ClCompile>
    <ClCompile Include="release\moc_qwt_plot_zoomer.cpp">
      <Filter>Generated Files</Filter>
    </ClCompile>
    <ClCompile Include="release\moc_qwt_scale_widget.cpp">
      <Filter>Generated Files</Filter>
    </ClCompile>
    <ClCompile Include="debug\moc_qwt_scale_widget.cpp">
      <Filter>Generated Files</Filter>
    </ClCompile>
    <ClCompile Include="release\moc_qwt_text_label.cpp">
      <Filter>Generated Files</Filter>
    </ClCompile>
    <ClCompile Include="debug\moc_qwt_text_label.cpp">
      <Filter>Generated Files</Filter>
    </ClCompile>
  </ItemGroup>
  <ItemGroup>
    <ClInclude Include="qwt.h">
      <Filter>Header Files</Filter>
    </ClInclude>
    <ClInclude Include="qwt_abstract_scale_draw.h">
      <Filter>Header Files</Filter>
    </ClInclude>
    <ClInclude Include="qwt_array.h">
      <Filter>Header Files</Filter>
    </ClInclude>
    <ClInclude Include="qwt_color_map.h">
      <Filter>Header Files</Filter>
    </ClInclude>
    <ClInclude Include="qwt_curve_fitter.h">
      <Filter>Header Files</Filter>
    </ClInclude>
    <ClInclude Include="qwt_data.h">
      <Filter>Header Files</Filter>
    </ClInclude>
    <ClInclude Include="qwt_double_interval.h">
      <Filter>Header Files</Filter>
    </ClInclude>
    <ClInclude Include="qwt_double_rect.h">
      <Filter>Header Files</Filter>
    </ClInclude>
    <ClInclude Include="qwt_event_pattern.h">
      <Filter>Header Files</Filter>
    </ClInclude>
    <ClInclude Include="qwt_global.h">
      <Filter>Header Files</Filter>
    </ClInclude>
    <ClInclude Include="qwt_interval_data.h">
      <Filter>Header Files</Filter>
    </ClInclude>
    <ClInclude Include="qwt_layout_metrics.h">
      <Filter>Header Files</Filter>
    </ClInclude>
    <ClInclude Include="qwt_math.h">
      <Filter>Header Files</Filter>
    </ClInclude>
    <ClInclude Include="qwt_paint_buffer.h">
      <Filter>Header Files</Filter>
    </ClInclude>
    <ClInclude Include="qwt_painter.h">
      <Filter>Header Files</Filter>
    </ClInclude>
    <ClInclude Include="qwt_picker_machine.h">
      <Filter>Header Files</Filter>
    </ClInclude>
    <ClInclude Include="qwt_plot_curve.h">
      <Filter>Header Files</Filter>
    </ClInclude>
    <ClInclude Include="qwt_plot_dict.h">
      <Filter>Header Files</Filter>
    </ClInclude>
    <ClInclude Include="qwt_plot_grid.h">
      <Filter>Header Files</Filter>
    </ClInclude>
    <ClInclude Include="qwt_plot_item.h">
      <Filter>Header Files</Filter>
    </ClInclude>
    <ClInclude Include="qwt_plot_layout.h">
      <Filter>Header Files</Filter>
    </ClInclude>
    <ClInclude Include="qwt_plot_marker.h">
      <Filter>Header Files</Filter>
    </ClInclude>
    <ClInclude Include="qwt_plot_printfilter.h">
      <Filter>Header Files</Filter>
    </ClInclude>
    <ClInclude Include="qwt_plot_rasteritem.h">
      <Filter>Header Files</Filter>
    </ClInclude>
    <ClInclude Include="qwt_plot_spectrogram.h">
      <Filter>Header Files</Filter>
    </ClInclude>
    <ClInclude Include="qwt_polygon.h">
      <Filter>Header Files</Filter>
    </ClInclude>
    <ClInclude Include="qwt_raster_data.h">
      <Filter>Header Files</Filter>
    </ClInclude>
    <ClInclude Include="qwt_rect.h">
      <Filter>Header Files</Filter>
    </ClInclude>
    <ClInclude Include="qwt_round_scale_draw.h">
      <Filter>Header Files</Filter>
    </ClInclude>
    <ClInclude Include="qwt_scale_div.h">
      <Filter>Header Files</Filter>
    </ClInclude>
    <ClInclude Include="qwt_scale_draw.h">
      <Filter>Header Files</Filter>
    </ClInclude>
    <ClInclude Include="qwt_scale_engine.h">
      <Filter>Header Files</Filter>
    </ClInclude>
    <ClInclude Include="qwt_scale_map.h">
      <Filter>Header Files</Filter>
    </ClInclude>
    <ClInclude Include="qwt_spline.h">
      <Filter>Header Files</Filter>
    </ClInclude>
    <ClInclude Include="qwt_symbol.h">
      <Filter>Header Files</Filter>
    </ClInclude>
    <ClInclude Include="qwt_text.h">
      <Filter>Header Files</Filter>
    </ClInclude>
    <ClInclude Include="qwt_text_engine.h">
      <Filter>Header Files</Filter>
    </ClInclude>
    <ClInclude Include="qwt_valuelist.h">
      <Filter>Header Files</Filter>
    </ClInclude>
  </ItemGroup>
  <ItemGroup>
    <CustomBuild Include="qwt_dyngrid_layout.h">
      <Filter>Header Files</Filter>
    </CustomBuild>
    <CustomBuild Include="qwt_legend.h">
      <Filter>Header Files</Filter>
    </CustomBuild>
    <CustomBuild Include="qwt_legend_item.h">
      <Filter>Header Files</Filter>
    </CustomBuild>
    <CustomBuild Include="qwt_panner.h">
      <Filter>Header Files</Filter>
    </CustomBuild>
    <CustomBuild Include="qwt_picker.h">
      <Filter>Header Files</Filter>
    </CustomBuild>
    <CustomBuild Include="qwt_plot.h">
      <Filter>Header Files</Filter>
    </CustomBuild>
    <CustomBuild Include="qwt_plot_canvas.h">
      <Filter>Header Files</Filter>
    </CustomBuild>
    <CustomBuild Include="qwt_plot_magnifier.h">
      <Filter>Header Files</Filter>
    </CustomBuild>
    <CustomBuild Include="qwt_plot_panner.h">
      <Filter>Header Files</Filter>
    </CustomBuild>
    <CustomBuild Include="qwt_plot_picker.h">
      <Filter>Header Files</Filter>
    </CustomBuild>
    <CustomBuild Include="qwt_plot_zoomer.h">
      <Filter>Header Files</Filter>
    </CustomBuild>
    <CustomBuild Include="qwt_scale_widget.h">
      <Filter>Header Files</Filter>
    </CustomBuild>
    <CustomBuild Include="qwt_text_label.h">
      <Filter>Header Files</Filter>
    </CustomBuild>
  </ItemGroup>
</Project>