<?xml version="1.0" encoding="utf-8"?>
<Project ToolsVersion="4.0" xmlns="http://schemas.microsoft.com/developer/msbuild/2003">
  <ItemGroup>
    <Filter Include="Source Files">
      <UniqueIdentifier>{4FC737F1-C7A5-4376-A066-2A32D752A2FF}</UniqueIdentifier>
      <Extensions>cpp;c;cxx;def;odl;idl;hpj;bat;asm;asmx</Extensions>
    </Filter>
    <Filter Include="Header Files">
      <UniqueIdentifier>{93995380-89BD-4b04-88EB-625FBE52EBFB}</UniqueIdentifier>
      <Extensions>h;hpp;hxx;hm;inl;inc;xsd</Extensions>
    </Filter>
    <Filter Include="Generated Files">
      <UniqueIdentifier>{71ED8ED8-ACB9-4CE9-BBE1-E00B30144E11}</UniqueIdentifier>
      <Extensions>cpp;c;cxx;moc;h;def;odl;idl;res;</Extensions>
    </Filter>
    <Filter Include="Form Files">
      <UniqueIdentifier>{99349809-55BA-4b9d-BF79-8FDBB0286EB3}</UniqueIdentifier>
      <Extensions>ui</Extensions>
      <ParseFiles>false</ParseFiles>
    </Filter>
  </ItemGroup>
  <ItemGroup>
    <ClCompile Include="csv_filter.cpp">
      <Filter>Source Files</Filter>
    </ClCompile>
    <ClCompile Include="csv_filter_qt_dialogs.cpp">
      <Filter>Source Files</Filter>
    </ClCompile>
    <ClCompile Include="gslib\filter_qt_dialogs.cpp">
      <Filter>Source Files</Filter>
    </ClCompile>
    <ClCompile Include="gslib\gslib_filter.cpp">
      <Filter>Source Files</Filter>
    </ClCompile>
    <ClCompile Include="library_filters_init.cpp">
      <Filter>Source Files</Filter>
    </ClCompile>
    <ClCompile Include="sgems_folder_filter.cpp">
      <Filter>Source Files</Filter>
    </ClCompile>
    <ClCompile Include="simulacre_filter.cpp">
      <Filter>Source Files</Filter>
    </ClCompile>
    <ClCompile Include=".moc\moc_csv_filter_qt_dialogs.cpp">
      <Filter>Generated Files</Filter>
    </ClCompile>
    <ClCompile Include=".moc\moc_filter_qt_dialogs.cpp">
      <Filter>Generated Files</Filter>
    </ClCompile>
    <ClCompile Include="distribution_filter.cpp">
      <Filter>Source Files</Filter>
    </ClCompile>
    <ClCompile Include="save_project_objects.cpp">
      <Filter>Source Files</Filter>
    </ClCompile>
    <ClCompile Include="sgems_folder_grid_geometry.cpp">
      <Filter>Source Files</Filter>
    </ClCompile>
  </ItemGroup>
  <ItemGroup>
    <ClInclude Include="common.h">
      <Filter>Header Files</Filter>
    </ClInclude>
    <ClInclude Include="csv_filter.h">
      <Filter>Header Files</Filter>
    </ClInclude>
    <ClInclude Include="filter.h">
      <Filter>Header Files</Filter>
    </ClInclude>
    <ClInclude Include="gslib\gslib_filter.h">
      <Filter>Header Files</Filter>
    </ClInclude>
    <ClInclude Include="library_filters_init.h">
      <Filter>Header Files</Filter>
    </ClInclude>
    <ClInclude Include="sgems_folder_filter.h">
      <Filter>Header Files</Filter>
    </ClInclude>
    <ClInclude Include="simulacre_filter.h">
      <Filter>Header Files</Filter>
    </ClInclude>
    <ClInclude Include="ui_csv_grid_import.h">
      <Filter>Generated Files</Filter>
    </ClInclude>
    <ClInclude Include="ui_csv_masked_import.h">
      <Filter>Generated Files</Filter>
    </ClInclude>
    <ClInclude Include="ui_csv_pointset_import.h">
      <Filter>Generated Files</Filter>
    </ClInclude>
    <ClInclude Include="ui_gslib_pointset_import.h">
      <Filter>Generated Files</Filter>
    </ClInclude>
    <ClInclude Include="ui_gslibgridimport.h">
      <Filter>Generated Files</Filter>
    </ClInclude>
    <ClInclude Include="ui_gslibmaskedimport.h">
      <Filter>Generated Files</Filter>
    </ClInclude>
    <ClInclude Include="ui_importwizard.h">
      <Filter>Generated Files</Filter>
    </ClInclude>
    <ClInclude Include="distribution_filter.h">
      <Filter>Header Files</Filter>
    </ClInclude>
    <ClInclude Include="save_project_objects.h">
      <Filter>Header Files</Filter>
    </ClInclude>
    <ClInclude Include="sgems_folder_grid_geometry.h">
      <Filter>Header Files</Filter>
    </ClInclude>
  </ItemGroup>
  <ItemGroup>
    <CustomBuild Include="csv_filter_qt_dialogs.h">
      <Filter>Header Files</Filter>
    </CustomBuild>
    <CustomBuild Include="gslib\filter_qt_dialogs.h">
      <Filter>Header Files</Filter>
    </CustomBuild>
    <CustomBuild Include="csv_grid_import.ui">
      <Filter>Form Files</Filter>
    </CustomBuild>
    <CustomBuild Include="csv_masked_import.ui">
      <Filter>Form Files</Filter>
    </CustomBuild>
    <CustomBuild Include="csv_pointset_import.ui">
      <Filter>Form Files</Filter>
    </CustomBuild>
    <CustomBuild Include="gslib\gslib_pointset_import.ui">
      <Filter>Form Files</Filter>
    </CustomBuild>
    <CustomBuild Include="gslib\gslibgridimport.ui">
      <Filter>Form Files</Filter>
    </CustomBuild>
    <CustomBuild Include="gslib\gslibmaskedimport.ui">
      <Filter>Form Files</Filter>
    </CustomBuild>
    <CustomBuild Include="gslib\importwizard.ui">
      <Filter>Form Files</Filter>
    </CustomBuild>
  </ItemGroup>
</Project>