<?xml version="1.0" encoding="utf-8"?>
<Project ToolsVersion="4.0" xmlns="http://schemas.microsoft.com/developer/msbuild/2003">
  <ItemGroup>
    <Filter Include="Form Files">
      <UniqueIdentifier>{99349809-55BA-4b9d-BF79-8FDBB0286EB3}</UniqueIdentifier>
      <Extensions>ui</Extensions>
      <ParseFiles>false</ParseFiles>
    </Filter>
    <Filter Include="Generated Files">
      <UniqueIdentifier>{71ED8ED8-ACB9-4CE9-BBE1-E00B30144E11}</UniqueIdentifier>
      <Extensions>cpp;c;cxx;moc;h;def;odl;idl;res</Extensions>
    </Filter>
    <Filter Include="Header Files">
      <UniqueIdentifier>{93995380-89BD-4b04-88EB-625FBE52EBFB}</UniqueIdentifier>
      <Extensions>h;hpp;hxx;hm;inl;inc;xsd</Extensions>
    </Filter>
    <Filter Include="Resource Files">
      <UniqueIdentifier>{D9D6E242-F8AF-46E4-B9FD-80ECBC20BA3E}</UniqueIdentifier>
      <Extensions>qrc;*</Extensions>
      <ParseFiles>false</ParseFiles>
    </Filter>
    <Filter Include="Source Files">
      <UniqueIdentifier>{4FC737F1-C7A5-4376-A066-2A32D752A2FF}</UniqueIdentifier>
      <Extensions>cpp;c;cxx;def;odl;idl;hpj;bat;asm;asmx</Extensions>
    </Filter>
  </ItemGroup>
  <ItemGroup>
    <ClCompile Include="appli\cli_commands_panel.cpp">
      <Filter>Source Files</Filter>
    </ClCompile>
    <ClCompile Include="utils\colormap.cpp">
      <Filter>Source Files</Filter>
    </ClCompile>
    <ClCompile Include="vtk_prop\colormap_actor.cpp">
      <Filter>Source Files</Filter>
    </ClCompile>
    <ClCompile Include="viewer\colormap_controller.cpp">
      <Filter>Source Files</Filter>
    </ClCompile>
    <ClCompile Include="viewer\colormap_widget.cpp">
      <Filter>Source Files</Filter>
    </ClCompile>
    <ClCompile Include="utils\colors.cpp">
      <Filter>Source Files</Filter>
    </ClCompile>
    <ClCompile Include="utils\colorscale.cpp">
      <Filter>Source Files</Filter>
    </ClCompile>
    <ClCompile Include="models\context_menu_interface.cpp">
      <Filter>Source Files</Filter>
    </ClCompile>
    <ClCompile Include="appli\data_analysis_gui.cpp">
      <Filter>Source Files</Filter>
    </ClCompile>
    <ClCompile Include="utils\data_analysis_save_dialog.cpp">
      <Filter>Source Files</Filter>
    </ClCompile>
    <ClCompile Include="QWidget_value_accessors\default_accessor.cpp">
      <Filter>Source Files</Filter>
    </ClCompile>
    <ClCompile Include="utils\delete_properties_dialog.cpp">
      <Filter>Source Files</Filter>
    </ClCompile>
    <ClCompile Include="utils\delete_regions_dialog.cpp">
      <Filter>Source Files</Filter>
    </ClCompile>
    <ClCompile Include="variogram2\first_scr.cpp">
      <Filter>Source Files</Filter>
    </ClCompile>
    <ClCompile Include="viewer\grid_param_viewer.cpp">
      <Filter>Source Files</Filter>
    </ClCompile>
    <ClCompile Include="viewer\group_param_viewer.cpp">
      <Filter>Source Files</Filter>
    </ClCompile>
    <ClCompile Include="utils\group_property_dialog.cpp">
      <Filter>Source Files</Filter>
    </ClCompile>
    <ClCompile Include="models\gstl_item.cpp">
      <Filter>Source Files</Filter>
    </ClCompile>
    <ClCompile Include="models\gstl_item_action.cpp">
      <Filter>Source Files</Filter>
    </ClCompile>
    <ClCompile Include="models\gstl_item_selection_model.cpp">
      <Filter>Source Files</Filter>
    </ClCompile>
    <ClCompile Include="utils\gstl_slider.cpp">
      <Filter>Source Files</Filter>
    </ClCompile>
    <ClCompile Include="utils\gstl_widget_factory.cpp">
      <Filter>Source Files</Filter>
    </ClCompile>
    <ClCompile Include="appli\histogram_control_panel.cpp">
      <Filter>Source Files</Filter>
    </ClCompile>
    <ClCompile Include="appli\histogram_gui.cpp">
      <Filter>Source Files</Filter>
    </ClCompile>
    <ClCompile Include="utils\indicator_property_dialog.cpp">
      <Filter>Source Files</Filter>
    </ClCompile>
    <ClCompile Include="library_gui_init.cpp">
      <Filter>Source Files</Filter>
    </ClCompile>
    <ClCompile Include="utils\manager_dialog.cpp">
      <Filter>Source Files</Filter>
    </ClCompile>
    <ClCompile Include="utils\merge_regions_dialog.cpp">
      <Filter>Source Files</Filter>
    </ClCompile>
    <ClCompile Include="utils\multichoice_dialog.cpp">
      <Filter>Source Files</Filter>
    </ClCompile>
    <ClCompile Include="appli\new_cartesian_grid_dialog.cpp">
      <Filter>Source Files</Filter>
    </ClCompile>
    <ClCompile Include="utils\new_mgrid_from_cgrid_dialog.cpp">
      <Filter>Source Files</Filter>
    </ClCompile>
    <ClCompile Include="utils\new_region_from_property_dialog.cpp">
      <Filter>Source Files</Filter>
    </ClCompile>
    <ClCompile Include="viewer\object_property_viewer.cpp">
      <Filter>Source Files</Filter>
    </ClCompile>
    <ClCompile Include="variogram2\plot_settings_dialog.cpp">
      <Filter>Source Files</Filter>
    </ClCompile>
    <ClCompile Include="variogram2\print_plots_dialog.cpp">
      <Filter>Source Files</Filter>
    </ClCompile>
    <ClCompile Include="models\project_ItemModel.cpp">
      <Filter>Source Files</Filter>
    </ClCompile>
    <ClCompile Include="models\project_selection_model.cpp">
      <Filter>Source Files</Filter>
    </ClCompile>
    <ClCompile Include="viewer\property_filter_view.cpp">
      <Filter>Source Files</Filter>
    </ClCompile>
    <ClCompile Include="viewer\property_param_viewer.cpp">
      <Filter>Source Files</Filter>
    </ClCompile>
    <ClCompile Include="viewer\property_stats_view.cpp">
      <Filter>Source Files</Filter>
    </ClCompile>
    <ClCompile Include="variogram2\pset_params.cpp">
      <Filter>Source Files</Filter>
    </ClCompile>
    <ClCompile Include="QWidget_value_accessors\qbuttongroup_accessor.cpp">
      <Filter>Source Files</Filter>
    </ClCompile>
    <ClCompile Include="QWidget_value_accessors\qcheckbox_accessor.cpp">
      <Filter>Source Files</Filter>
    </ClCompile>
    <ClCompile Include="QWidget_value_accessors\qcombobox_accessor.cpp">
      <Filter>Source Files</Filter>
    </ClCompile>
    <ClCompile Include="utils\qdirdialog.cpp">
      <Filter>Source Files</Filter>
    </ClCompile>
    <ClCompile Include="QWidget_value_accessors\qlineedit_accessor.cpp">
      <Filter>Source Files</Filter>
    </ClCompile>
    <ClCompile Include="appli\qpplot_control_panel.cpp">
      <Filter>Source Files</Filter>
    </ClCompile>
    <ClCompile Include="appli\qpplot_gui.cpp">
      <Filter>Source Files</Filter>
    </ClCompile>
    <ClCompile Include="QWidget_value_accessors\qradiobutton_accessor.cpp">
      <Filter>Source Files</Filter>
    </ClCompile>
    <ClCompile Include="QWidget_value_accessors\qspin_box_accessor.cpp">
      <Filter>Source Files</Filter>
    </ClCompile>
    <ClCompile Include="appli\qt_algo_control_panel.cpp">
      <Filter>Source Files</Filter>
    </ClCompile>
    <ClCompile Include="appli\qt_grid_summary.cpp">
      <Filter>Source Files</Filter>
    </ClCompile>
    <ClCompile Include="appli\qt_sp_application.cpp">
      <Filter>Source Files</Filter>
    </ClCompile>
    <ClCompile Include="QWidget_value_accessors\qtable_accessor.cpp">
      <Filter>Source Files</Filter>
    </ClCompile>
    <ClCompile Include="utils\qtbased_scribes.cpp">
      <Filter>Source Files</Filter>
    </ClCompile>
    <ClCompile Include="utils\qtprogress_notifier.cpp">
      <Filter>Source Files</Filter>
    </ClCompile>
    <ClCompile Include="viewer\qvtkGsTLViewer.cpp">
      <Filter>Source Files</Filter>
    </ClCompile>
    <ClCompile Include="utils\qwidget_value_accessor.cpp">
      <Filter>Source Files</Filter>
    </ClCompile>
    <ClCompile Include="utils\qwidget_value_collector.cpp">
      <Filter>Source Files</Filter>
    </ClCompile>
    <ClCompile Include="viewer\region_param_viewer.cpp">
      <Filter>Source Files</Filter>
    </ClCompile>
    <ClCompile Include="utils\rename_dialog.cpp">
      <Filter>Source Files</Filter>
    </ClCompile>
    <ClCompile Include="variogram2\rgrid_params.cpp">
      <Filter>Source Files</Filter>
    </ClCompile>
    <ClCompile Include="appli\scatterplot_control_panel.cpp">
      <Filter>Source Files</Filter>
    </ClCompile>
    <ClCompile Include="appli\scatterplot_gui.cpp">
      <Filter>Source Files</Filter>
    </ClCompile>
    <ClCompile Include="utils\script_editor.cpp">
      <Filter>Source Files</Filter>
    </ClCompile>
    <ClCompile Include="utils\script_syntax_highlighter.cpp">
      <Filter>Source Files</Filter>
    </ClCompile>
    <ClCompile Include="appli\snapshot_dialog.cpp">
      <Filter>Source Files</Filter>
    </ClCompile>
    <ClCompile Include="appli\splash_screen.cpp">
      <Filter>Source Files</Filter>
    </ClCompile>
    <ClCompile Include="utils\std_output_redirect.cpp">
      <Filter>Source Files</Filter>
    </ClCompile>
    <ClCompile Include="variogram2\variog_multiplot.cpp">
      <Filter>Source Files</Filter>
    </ClCompile>
    <ClCompile Include="variogram2\variog_plot.cpp">
      <Filter>Source Files</Filter>
    </ClCompile>
    <ClCompile Include="variogram2\variogram_controls.cpp">
      <Filter>Source Files</Filter>
    </ClCompile>
    <ClCompile Include="variogram2\variogram_controls_base.cpp">
      <Filter>Source Files</Filter>
    </ClCompile>
    <ClCompile Include="variogram2\variogram_modeler_gui.cpp">
      <Filter>Source Files</Filter>
    </ClCompile>
    <ClCompile Include="variogram2\variogram_modeling_screen.cpp">
      <Filter>Source Files</Filter>
    </ClCompile>
    <ClCompile Include="appli\visu_actions.cpp">
      <Filter>Source Files</Filter>
    </ClCompile>
    <ClCompile Include="viewer\visualization_parameters.cpp">
      <Filter>Source Files</Filter>
    </ClCompile>
    <ClCompile Include="utils\visualization_profile.cpp">
      <Filter>Source Files</Filter>
    </ClCompile>
    <ClCompile Include="models\visualization_tree_view.cpp">
      <Filter>Source Files</Filter>
    </ClCompile>
    <ClCompile Include="vtk_prop\vtk_common.cpp">
      <Filter>Source Files</Filter>
    </ClCompile>
    <ClCompile Include="viewer\vtk_project_view_gui.cpp">
      <Filter>Source Files</Filter>
    </ClCompile>
    <ClCompile Include="vtk_prop\vtk_prop_cgrid.cpp">
      <Filter>Source Files</Filter>
    </ClCompile>
    <ClCompile Include="vtk_prop\vtk_prop_gstl.cpp">
      <Filter>Source Files</Filter>
    </ClCompile>
    <ClCompile Include="vtk_prop\vtk_prop_log.cpp">
      <Filter>Source Files</Filter>
    </ClCompile>
    <ClCompile Include="viewer\vtk_prop_map.cpp">
      <Filter>Source Files</Filter>
    </ClCompile>
    <ClCompile Include="vtk_prop\vtk_prop_mgrid.cpp">
      <Filter>Source Files</Filter>
    </ClCompile>
    <ClCompile Include="vtk_prop\vtk_prop_pointset.cpp">
      <Filter>Source Files</Filter>
    </ClCompile>
    <ClCompile Include=".moc\moc_categorical_definition_dialog.cpp">
      <Filter>Generated Files</Filter>
    </ClCompile>
    <ClCompile Include=".moc\moc_cli_commands_panel.cpp">
      <Filter>Generated Files</Filter>
    </ClCompile>
    <ClCompile Include=".moc\moc_colormap_controller.cpp">
      <Filter>Generated Files</Filter>
    </ClCompile>
    <ClCompile Include=".moc\moc_colormap_widget.cpp">
      <Filter>Generated Files</Filter>
    </ClCompile>
    <ClCompile Include=".moc\moc_data_analysis_gui.cpp">
      <Filter>Generated Files</Filter>
    </ClCompile>
    <ClCompile Include=".moc\moc_delete_properties_dialog.cpp">
      <Filter>Generated Files</Filter>
    </ClCompile>
    <ClCompile Include=".moc\moc_delete_regions_dialog.cpp">
      <Filter>Generated Files</Filter>
    </ClCompile>
    <ClCompile Include=".moc\moc_first_scr.cpp">
      <Filter>Generated Files</Filter>
    </ClCompile>
    <ClCompile Include=".moc\moc_grid_param_viewer.cpp">
      <Filter>Generated Files</Filter>
    </ClCompile>
    <ClCompile Include=".moc\moc_group_property_dialog.cpp">
      <Filter>Generated Files</Filter>
    </ClCompile>
    <ClCompile Include=".moc\moc_gstl_item_action.cpp">
      <Filter>Generated Files</Filter>
    </ClCompile>
    <ClCompile Include=".moc\moc_gstl_slider.cpp">
      <Filter>Generated Files</Filter>
    </ClCompile>
    <ClCompile Include=".moc\moc_histogram_control_panel.cpp">
      <Filter>Generated Files</Filter>
    </ClCompile>
    <ClCompile Include=".moc\moc_histogram_gui.cpp">
      <Filter>Generated Files</Filter>
    </ClCompile>
    <ClCompile Include=".moc\moc_indicator_property_dialog.cpp">
      <Filter>Generated Files</Filter>
    </ClCompile>
    <ClCompile Include=".moc\moc_manager_dialog.cpp">
      <Filter>Generated Files</Filter>
    </ClCompile>
    <ClCompile Include=".moc\moc_merge_regions_dialog.cpp">
      <Filter>Generated Files</Filter>
    </ClCompile>
    <ClCompile Include=".moc\moc_multichoice_dialog.cpp">
      <Filter>Generated Files</Filter>
    </ClCompile>
    <ClCompile Include=".moc\moc_new_mgrid_from_cgrid_dialog.cpp">
      <Filter>Generated Files</Filter>
    </ClCompile>
    <ClCompile Include=".moc\moc_new_region_from_property_dialog.cpp">
      <Filter>Generated Files</Filter>
    </ClCompile>
    <ClCompile Include=".moc\moc_object_property_viewer.cpp">
      <Filter>Generated Files</Filter>
    </ClCompile>
    <ClCompile Include=".moc\moc_plot_settings_dialog.cpp">
      <Filter>Generated Files</Filter>
    </ClCompile>
    <ClCompile Include=".moc\moc_print_plots_dialog.cpp">
      <Filter>Generated Files</Filter>
    </ClCompile>
    <ClCompile Include=".moc\moc_project_ItemModel.cpp">
      <Filter>Generated Files</Filter>
    </ClCompile>
    <ClCompile Include=".moc\moc_property_filter_view.cpp">
      <Filter>Generated Files</Filter>
    </ClCompile>
    <ClCompile Include=".moc\moc_property_param_viewer.cpp">
      <Filter>Generated Files</Filter>
    </ClCompile>
    <ClCompile Include=".moc\moc_pset_params.cpp">
      <Filter>Generated Files</Filter>
    </ClCompile>
    <ClCompile Include=".moc\moc_qcombobox_accessor.cpp">
      <Filter>Generated Files</Filter>
    </ClCompile>
    <ClCompile Include=".moc\moc_qdirdialog.cpp">
      <Filter>Generated Files</Filter>
    </ClCompile>
    <ClCompile Include=".moc\moc_qpplot_control_panel.cpp">
      <Filter>Generated Files</Filter>
    </ClCompile>
    <ClCompile Include=".moc\moc_qpplot_gui.cpp">
      <Filter>Generated Files</Filter>
    </ClCompile>
    <ClCompile Include=".moc\moc_qt_algo_control_panel.cpp">
      <Filter>Generated Files</Filter>
    </ClCompile>
    <ClCompile Include=".moc\moc_qt_sp_application.cpp">
      <Filter>Generated Files</Filter>
    </ClCompile>
    <ClCompile Include=".moc\moc_qvtkGsTLViewer.cpp">
      <Filter>Generated Files</Filter>
    </ClCompile>
    <ClCompile Include=".moc\moc_rename_dialog.cpp">
      <Filter>Generated Files</Filter>
    </ClCompile>
    <ClCompile Include=".moc\moc_rgrid_params.cpp">
      <Filter>Generated Files</Filter>
    </ClCompile>
    <ClCompile Include=".moc\moc_scatterplot_control_panel.cpp">
      <Filter>Generated Files</Filter>
    </ClCompile>
    <ClCompile Include=".moc\moc_scatterplot_gui.cpp">
      <Filter>Generated Files</Filter>
    </ClCompile>
    <ClCompile Include=".moc\moc_script_editor.cpp">
      <Filter>Generated Files</Filter>
    </ClCompile>
    <ClCompile Include=".moc\moc_snapshot_dialog.cpp">
      <Filter>Generated Files</Filter>
    </ClCompile>
    <ClCompile Include=".moc\moc_variog_multiplot.cpp">
      <Filter>Generated Files</Filter>
    </ClCompile>
    <ClCompile Include=".moc\moc_variog_plot.cpp">
      <Filter>Generated Files</Filter>
    </ClCompile>
    <ClCompile Include=".moc\moc_variogram_controls.cpp">
      <Filter>Generated Files</Filter>
    </ClCompile>
    <ClCompile Include=".moc\moc_variogram_controls_base.cpp">
      <Filter>Generated Files</Filter>
    </ClCompile>
    <ClCompile Include=".moc\moc_variogram_modeler_gui.cpp">
      <Filter>Generated Files</Filter>
    </ClCompile>
    <ClCompile Include=".moc\moc_variogram_modeling_screen.cpp">
      <Filter>Generated Files</Filter>
    </ClCompile>
    <ClCompile Include=".moc\moc_visualization_tree_view.cpp">
      <Filter>Generated Files</Filter>
    </ClCompile>
    <ClCompile Include=".moc\moc_vtk_project_view_gui.cpp">
      <Filter>Generated Files</Filter>
    </ClCompile>
    <ClCompile Include="GeneratedFiles\qrc_icons.cpp">
      <Filter>Generated Files</Filter>
    </ClCompile>
    <ClCompile Include="models\categorical_table_model.cpp">
      <Filter>Source Files</Filter>
    </ClCompile>
    <ClCompile Include=".moc\moc_categorical_table_model.cpp">
      <Filter>Generated Files</Filter>
    </ClCompile>
    <ClCompile Include="utils\new_distribution_dialog.cpp">
      <Filter>Source Files</Filter>
    </ClCompile>
    <ClCompile Include=".moc\moc_new_distribution_dialog.cpp">
      <Filter>Generated Files</Filter>
    </ClCompile>
    <ClCompile Include="appli\about_sgems.cpp">
      <Filter>Source Files</Filter>
    </ClCompile>
    <ClCompile Include="viewer\grid_section_view.cpp">
      <Filter>Source Files</Filter>
    </ClCompile>
    <ClCompile Include=".moc\moc_grid_section_view.cpp">
      <Filter>Generated Files</Filter>
    </ClCompile>
    <ClCompile Include="utils\save_grid_dialog.cpp">
      <Filter>Source Files</Filter>
    </ClCompile>
    <ClCompile Include=".moc\moc_save_grid_dialog.cpp">
      <Filter>Generated Files</Filter>
    </ClCompile>
    <ClCompile Include="utils\copy_property_dialog.cpp">
      <Filter>Source Files</Filter>
    </ClCompile>
    <ClCompile Include=".moc\moc_copy_property_dialog.cpp">
      <Filter>Generated Files</Filter>
    </ClCompile>
    <ClCompile Include="utils\downscale_grid_dialog.cpp">
      <Filter>Source Files</Filter>
    </ClCompile>
    <ClCompile Include=".moc\moc_downscale_grid_dialog.cpp">
      <Filter>Generated Files</Filter>
    </ClCompile>
    <ClCompile Include="utils\upscale_property_dialog.cpp">
      <Filter>Source Files</Filter>
    </ClCompile>
    <ClCompile Include=".moc\moc_upscale_property_dialog.cpp">
      <Filter>Generated Files</Filter>
    </ClCompile>
    <ClCompile Include="vtk_prop\vtk_prop_structured_grid.cpp">
      <Filter>Source Files</Filter>
    </ClCompile>
    <ClCompile Include="utils\categorical_definition_dialog.cpp">
      <Filter>Source Files</Filter>
    </ClCompile>
    <ClCompile Include="utils\new_region_from_grid_filter_dialog.cpp">
      <Filter>Source Files</Filter>
    </ClCompile>
    <ClCompile Include=".moc\moc_new_region_from_grid_filter_dialog.cpp">
      <Filter>Generated Files</Filter>
    </ClCompile>
    <ClCompile Include=".moc\moc_categorical_property_dialog.cpp">
      <Filter>Generated Files</Filter>
    </ClCompile>
    <ClCompile Include="utils\categorical_property_dialog.cpp">
      <Filter>Source Files</Filter>
    </ClCompile>
    <ClCompile Include=".moc\moc_set_not_informed_dialog.cpp">
      <Filter>Generated Files</Filter>
    </ClCompile>
    <ClCompile Include="utils\set_not_informed_dialog.cpp">
      <Filter>Source Files</Filter>
    </ClCompile>
  </ItemGroup>
  <ItemGroup>
    <CustomBuild Include="utils\categorical_definition_dialog.h">
      <Filter>Header Files</Filter>
    </CustomBuild>
    <CustomBuild Include="appli\cli_commands_panel.h">
      <Filter>Header Files</Filter>
    </CustomBuild>
    <ClInclude Include="utils\color.h">
      <Filter>Header Files</Filter>
    </ClInclude>
    <ClInclude Include="utils\colormap.h">
      <Filter>Header Files</Filter>
    </ClInclude>
    <ClInclude Include="vtk_prop\colormap_actor.h">
      <Filter>Header Files</Filter>
    </ClInclude>
    <CustomBuild Include="viewer\colormap_controller.h">
      <Filter>Header Files</Filter>
    </CustomBuild>
    <CustomBuild Include="viewer\colormap_widget.h">
      <Filter>Header Files</Filter>
    </CustomBuild>
    <ClInclude Include="utils\colors.h">
      <Filter>Header Files</Filter>
    </ClInclude>
    <ClInclude Include="utils\colorscale.h">
      <Filter>Header Files</Filter>
    </ClInclude>
    <ClInclude Include="common.h">
      <Filter>Header Files</Filter>
    </ClInclude>
    <ClInclude Include="models\context_menu_interface.h">
      <Filter>Header Files</Filter>
    </ClInclude>
    <CustomBuild Include="appli\data_analysis_gui.h">
      <Filter>Header Files</Filter>
    </CustomBuild>
    <ClInclude Include="utils\data_analysis_save_dialog.h">
      <Filter>Header Files</Filter>
    </ClInclude>
    <ClInclude Include="QWidget_value_accessors\default_accessor.h">
      <Filter>Header Files</Filter>
    </ClInclude>
    <CustomBuild Include="utils\delete_properties_dialog.h">
      <Filter>Header Files</Filter>
    </CustomBuild>
    <CustomBuild Include="utils\delete_regions_dialog.h">
      <Filter>Header Files</Filter>
    </CustomBuild>
    <CustomBuild Include="variogram2\first_scr.h">
      <Filter>Header Files</Filter>
    </CustomBuild>
    <CustomBuild Include="viewer\grid_param_viewer.h">
      <Filter>Header Files</Filter>
    </CustomBuild>
    <ClInclude Include="viewer\group_param_viewer.h">
      <Filter>Header Files</Filter>
    </ClInclude>
    <CustomBuild Include="utils\group_property_dialog.h">
      <Filter>Header Files</Filter>
    </CustomBuild>
    <ClInclude Include="models\gstl_item.h">
      <Filter>Header Files</Filter>
    </ClInclude>
    <CustomBuild Include="models\gstl_item_action.h">
      <Filter>Header Files</Filter>
    </CustomBuild>
    <ClInclude Include="models\gstl_item_selection_model.h">
      <Filter>Header Files</Filter>
    </ClInclude>
    <CustomBuild Include="utils\gstl_slider.h">
      <Filter>Header Files</Filter>
    </CustomBuild>
    <ClInclude Include="utils\gstl_widget_factory.h">
      <Filter>Header Files</Filter>
    </ClInclude>
    <CustomBuild Include="appli\histogram_control_panel.h">
      <Filter>Header Files</Filter>
    </CustomBuild>
    <CustomBuild Include="appli\histogram_gui.h">
      <Filter>Header Files</Filter>
    </CustomBuild>
    <ClInclude Include="appli\historyscribe.h">
      <Filter>Header Files</Filter>
    </ClInclude>
    <CustomBuild Include="utils\indicator_property_dialog.h">
      <Filter>Header Files</Filter>
    </CustomBuild>
    <ClInclude Include="library_gui_init.h">
      <Filter>Header Files</Filter>
    </ClInclude>
    <CustomBuild Include="utils\manager_dialog.h">
      <Filter>Header Files</Filter>
    </CustomBuild>
    <CustomBuild Include="utils\merge_regions_dialog.h">
      <Filter>Header Files</Filter>
    </CustomBuild>
    <CustomBuild Include="utils\multichoice_dialog.h">
      <Filter>Header Files</Filter>
    </CustomBuild>
    <ClInclude Include="appli\new_cartesian_grid_dialog.h">
      <Filter>Header Files</Filter>
    </ClInclude>
    <CustomBuild Include="utils\new_mgrid_from_cgrid_dialog.h">
      <Filter>Header Files</Filter>
    </CustomBuild>
    <CustomBuild Include="utils\new_region_from_property_dialog.h">
      <Filter>Header Files</Filter>
    </CustomBuild>
    <CustomBuild Include="viewer\object_property_viewer.h">
      <Filter>Header Files</Filter>
    </CustomBuild>
    <CustomBuild Include="variogram2\plot_settings_dialog.h">
      <Filter>Header Files</Filter>
    </CustomBuild>
    <CustomBuild Include="variogram2\print_plots_dialog.h">
      <Filter>Header Files</Filter>
    </CustomBuild>
    <CustomBuild Include="models\project_ItemModel.h">
      <Filter>Header Files</Filter>
    </CustomBuild>
    <ClInclude Include="models\project_selection_model.h">
      <Filter>Header Files</Filter>
    </ClInclude>
    <CustomBuild Include="viewer\property_filter_view.h">
      <Filter>Header Files</Filter>
    </CustomBuild>
    <CustomBuild Include="viewer\property_param_viewer.h">
      <Filter>Header Files</Filter>
    </CustomBuild>
    <ClInclude Include="viewer\property_stats_view.h">
      <Filter>Header Files</Filter>
    </ClInclude>
    <CustomBuild Include="variogram2\pset_params.h">
      <Filter>Header Files</Filter>
    </CustomBuild>
    <ClInclude Include="QWidget_value_accessors\qbuttongroup_accessor.h">
      <Filter>Header Files</Filter>
    </ClInclude>
    <ClInclude Include="QWidget_value_accessors\qcheckbox_accessor.h">
      <Filter>Header Files</Filter>
    </ClInclude>
    <CustomBuild Include="QWidget_value_accessors\qcombobox_accessor.h">
      <Filter>Header Files</Filter>
    </CustomBuild>
    <CustomBuild Include="utils\qdirdialog.h">
      <Filter>Header Files</Filter>
    </CustomBuild>
    <ClInclude Include="QWidget_value_accessors\qlineedit_accessor.h">
      <Filter>Header Files</Filter>
    </ClInclude>
    <CustomBuild Include="appli\qpplot_control_panel.h">
      <Filter>Header Files</Filter>
    </CustomBuild>
    <CustomBuild Include="appli\qpplot_gui.h">
      <Filter>Header Files</Filter>
    </CustomBuild>
    <ClInclude Include="QWidget_value_accessors\qradiobutton_accessor.h">
      <Filter>Header Files</Filter>
    </ClInclude>
    <ClInclude Include="QWidget_value_accessors\qspin_box_accessor.h">
      <Filter>Header Files</Filter>
    </ClInclude>
    <CustomBuild Include="appli\qt_algo_control_panel.h">
      <Filter>Header Files</Filter>
    </CustomBuild>
    <ClInclude Include="appli\qt_grid_summary.h">
      <Filter>Header Files</Filter>
    </ClInclude>
    <CustomBuild Include="appli\qt_sp_application.h">
      <Filter>Header Files</Filter>
    </CustomBuild>
    <ClInclude Include="QWidget_value_accessors\qtable_accessor.h">
      <Filter>Header Files</Filter>
    </ClInclude>
    <ClInclude Include="utils\qtbased_scribes.h">
      <Filter>Header Files</Filter>
    </ClInclude>
    <ClInclude Include="utils\qtprogress_notifier.h">
      <Filter>Header Files</Filter>
    </ClInclude>
    <CustomBuild Include="viewer\qvtkGsTLViewer.h">
      <Filter>Header Files</Filter>
    </CustomBuild>
    <ClInclude Include="utils\qwidget_value_accessor.h">
      <Filter>Header Files</Filter>
    </ClInclude>
    <ClInclude Include="utils\qwidget_value_collector.h">
      <Filter>Header Files</Filter>
    </ClInclude>
    <ClInclude Include="viewer\region_param_viewer.h">
      <Filter>Header Files</Filter>
    </ClInclude>
    <CustomBuild Include="utils\rename_dialog.h">
      <Filter>Header Files</Filter>
    </CustomBuild>
    <CustomBuild Include="variogram2\rgrid_params.h">
      <Filter>Header Files</Filter>
    </CustomBuild>
    <CustomBuild Include="appli\scatterplot_control_panel.h">
      <Filter>Header Files</Filter>
    </CustomBuild>
    <CustomBuild Include="appli\scatterplot_gui.h">
      <Filter>Header Files</Filter>
    </CustomBuild>
    <CustomBuild Include="utils\script_editor.h">
      <Filter>Header Files</Filter>
    </CustomBuild>
    <ClInclude Include="utils\script_syntax_highlighter.h">
      <Filter>Header Files</Filter>
    </ClInclude>
    <CustomBuild Include="appli\snapshot_dialog.h">
      <Filter>Header Files</Filter>
    </CustomBuild>
    <ClInclude Include="appli\splash_screen.h">
      <Filter>Header Files</Filter>
    </ClInclude>
    <ClInclude Include="utils\std_output_redirect.h">
      <Filter>Header Files</Filter>
    </ClInclude>
    <ClInclude Include="utils\style_sheet.h">
      <Filter>Header Files</Filter>
    </ClInclude>
    <CustomBuild Include="variogram2\variog_multiplot.h">
      <Filter>Header Files</Filter>
    </CustomBuild>
    <CustomBuild Include="variogram2\variog_plot.h">
      <Filter>Header Files</Filter>
    </CustomBuild>
    <CustomBuild Include="variogram2\variogram_controls.h">
      <Filter>Header Files</Filter>
    </CustomBuild>
    <CustomBuild Include="variogram2\variogram_controls_base.h">
      <Filter>Header Files</Filter>
    </CustomBuild>
    <CustomBuild Include="variogram2\variogram_modeler_gui.h">
      <Filter>Header Files</Filter>
    </CustomBuild>
    <CustomBuild Include="variogram2\variogram_modeling_screen.h">
      <Filter>Header Files</Filter>
    </CustomBuild>
    <ClInclude Include="appli\visu_actions.h">
      <Filter>Header Files</Filter>
    </ClInclude>
    <ClInclude Include="utils\visualization_profile.h">
      <Filter>Header Files</Filter>
    </ClInclude>
    <CustomBuild Include="models\visualization_tree_view.h">
      <Filter>Header Files</Filter>
    </CustomBuild>
    <ClInclude Include="vtk_prop\vtk_common.h">
      <Filter>Header Files</Filter>
    </ClInclude>
    <CustomBuild Include="viewer\vtk_project_view_gui.h">
      <Filter>Header Files</Filter>
    </CustomBuild>
    <ClInclude Include="vtk_prop\vtk_prop_cgrid.h">
      <Filter>Header Files</Filter>
    </ClInclude>
    <ClInclude Include="vtk_prop\vtk_prop_gstl.h">
      <Filter>Header Files</Filter>
    </ClInclude>
    <ClInclude Include="vtk_prop\vtk_prop_log.h">
      <Filter>Header Files</Filter>
    </ClInclude>
    <ClInclude Include="viewer\vtk_prop_map.h">
      <Filter>Header Files</Filter>
    </ClInclude>
    <ClInclude Include="vtk_prop\vtk_prop_mgrid.h">
      <Filter>Header Files</Filter>
    </ClInclude>
    <ClInclude Include="vtk_prop\vtk_prop_pointset.h">
      <Filter>Header Files</Filter>
    </ClInclude>
    <ClInclude Include="vtk_prop\vtk_prop_strati_grid.h">
      <Filter>Header Files</Filter>
    </ClInclude>
    <ClInclude Include="ui_create_distribution_dialog.h">
      <Filter>Generated Files</Filter>
    </ClInclude>
    <ClInclude Include="appli\about_sgems.h">
      <Filter>Header Files</Filter>
    </ClInclude>
    <ClInclude Include="vtk_prop\vtk_prop_structured_grid.h">
      <Filter>Header Files</Filter>
    </ClInclude>
    <CustomBuild Include="utils\new_region_from_grid_filter_dialog.h">
      <Filter>Header Files</Filter>
    </CustomBuild>
    <CustomBuild Include="utils\categorical_property_dialog.h">
      <Filter>Header Files</Filter>
    </CustomBuild>
    <CustomBuild Include="utils\set_not_informed_dialog.h">
      <Filter>Header Files</Filter>
    </CustomBuild>
  </ItemGroup>
  <ItemGroup>
    <ClInclude Include="ui_MainWindow.h">
      <Filter>Generated Files</Filter>
    </ClInclude>
    <ClInclude Include="ui_Project_view_form.h">
      <Filter>Generated Files</Filter>
    </ClInclude>
    <ClInclude Include="ui_controls_widget.h">
      <Filter>Generated Files</Filter>
    </ClInclude>
    <ClInclude Include="ui_data_analysis_gui_base.h">
      <Filter>Generated Files</Filter>
    </ClInclude>
    <ClInclude Include="ui_delete_properties_dialog_base.h">
      <Filter>Generated Files</Filter>
    </ClInclude>
    <ClInclude Include="ui_delete_regions_dialog_base.h">
      <Filter>Generated Files</Filter>
    </ClInclude>
    <ClInclude Include="ui_first_scr_base.h">
      <Filter>Generated Files</Filter>
    </ClInclude>
    <ClInclude Include="ui_histogram_control_panel_base.h">
      <Filter>Generated Files</Filter>
    </ClInclude>
    <ClInclude Include="ui_multichoice_dialog_base.h">
      <Filter>Generated Files</Filter>
    </ClInclude>
    <ClInclude Include="ui_new_cartesian_grid_dialog_base.h">
      <Filter>Generated Files</Filter>
    </ClInclude>
    <ClInclude Include="ui_point_set_base.h">
      <Filter>Generated Files</Filter>
    </ClInclude>
    <ClInclude Include="ui_qpplot_control_panel_base.h">
      <Filter>Generated Files</Filter>
    </ClInclude>
    <ClInclude Include="ui_qt_algo_control_panel_base.h">
      <Filter>Generated Files</Filter>
    </ClInclude>
    <ClInclude Include="ui_rgrid_base.h">
      <Filter>Generated Files</Filter>
    </ClInclude>
    <ClInclude Include="ui_scatterplot_control_panel_base.h">
      <Filter>Generated Files</Filter>
    </ClInclude>
    <ClInclude Include="ui_snapshot_dialog_base.h">
      <Filter>Generated Files</Filter>
    </ClInclude>
    <ClInclude Include="ui_variogram_modeler_gui_base.h">
      <Filter>Generated Files</Filter>
    </ClInclude>
    <ClInclude Include="ui_variogram_plot_settings_dialog.h">
      <Filter>Generated Files</Filter>
    </ClInclude>
    <ClInclude Include="ui_variogram_print_plots_dialog.h">
      <Filter>Generated Files</Filter>
    </ClInclude>
    <ClInclude Include="ui_variogram_structure_controls_base.h">
      <Filter>Generated Files</Filter>
    </ClInclude>
  </ItemGroup>
  <ItemGroup>
    <CustomBuild Include="appli\MainWindow.ui">
      <Filter>Form Files</Filter>
    </CustomBuild>
    <CustomBuild Include="viewer\Project_view_form.ui">
      <Filter>Form Files</Filter>
    </CustomBuild>
    <CustomBuild Include="appli\controls_widget.ui">
      <Filter>Form Files</Filter>
    </CustomBuild>
    <CustomBuild Include="appli\data_analysis_gui_base.ui">
      <Filter>Form Files</Filter>
    </CustomBuild>
    <CustomBuild Include="utils\delete_properties_dialog_base.ui">
      <Filter>Form Files</Filter>
    </CustomBuild>
    <CustomBuild Include="utils\delete_regions_dialog_base.ui">
      <Filter>Form Files</Filter>
    </CustomBuild>
    <CustomBuild Include="variogram2\first_scr_base.ui">
      <Filter>Form Files</Filter>
    </CustomBuild>
    <CustomBuild Include="appli\histogram_control_panel_base.ui">
      <Filter>Form Files</Filter>
    </CustomBuild>
    <CustomBuild Include="utils\multichoice_dialog_base.ui">
      <Filter>Form Files</Filter>
    </CustomBuild>
    <CustomBuild Include="appli\new_cartesian_grid_dialog_base.ui">
      <Filter>Form Files</Filter>
    </CustomBuild>
    <CustomBuild Include="variogram2\point_set_base.ui">
      <Filter>Form Files</Filter>
    </CustomBuild>
    <CustomBuild Include="appli\qpplot_control_panel_base.ui">
      <Filter>Form Files</Filter>
    </CustomBuild>
    <CustomBuild Include="appli\qt_algo_control_panel_base.ui">
      <Filter>Form Files</Filter>
    </CustomBuild>
    <CustomBuild Include="variogram2\rgrid_base.ui">
      <Filter>Form Files</Filter>
    </CustomBuild>
    <CustomBuild Include="appli\scatterplot_control_panel_base.ui">
      <Filter>Form Files</Filter>
    </CustomBuild>
    <CustomBuild Include="appli\snapshot_dialog_base.ui">
      <Filter>Form Files</Filter>
    </CustomBuild>
    <CustomBuild Include="variogram2\variogram_modeler_gui_base.ui">
      <Filter>Form Files</Filter>
    </CustomBuild>
    <CustomBuild Include="variogram2\variogram_plot_settings_dialog.ui">
      <Filter>Form Files</Filter>
    </CustomBuild>
    <CustomBuild Include="variogram2\variogram_print_plots_dialog.ui">
      <Filter>Form Files</Filter>
    </CustomBuild>
    <CustomBuild Include="variogram2\variogram_structure_controls_base.ui">
      <Filter>Form Files</Filter>
    </CustomBuild>
    <CustomBuild Include="viewer\visualization_parameters.h">
      <Filter>Header Files</Filter>
    </CustomBuild>
    <CustomBuild Include="models\categorical_table_model.h">
      <Filter>Header Files</Filter>
    </CustomBuild>
    <CustomBuild Include="utils\create_distribution_dialog.ui">
      <Filter>Form Files</Filter>
    </CustomBuild>
    <CustomBuild Include="utils\new_distribution_dialog.h">
      <Filter>Header Files</Filter>
    </CustomBuild>
    <CustomBuild Include="viewer\grid_section_view.h">
      <Filter>Header Files</Filter>
    </CustomBuild>
    <CustomBuild Include="utils\save_grid_dialog.h">
      <Filter>Header Files</Filter>
    </CustomBuild>
    <CustomBuild Include="utils\copy_property_dialog.h">
      <Filter>Header Files</Filter>
    </CustomBuild>
    <CustomBuild Include="utils\downscale_grid_dialog.h">
      <Filter>Header Files</Filter>
    </CustomBuild>
    <CustomBuild Include="utils\upscale_property_dialog.h">
      <Filter>Header Files</Filter>
    </CustomBuild>
  </ItemGroup>
  <ItemGroup>
    <CustomBuild Include="icons.qrc">
      <Filter>Resource Files</Filter>
    </CustomBuild>
  </ItemGroup>
  <ItemGroup>
    <None Include="appli\Pixmaps\eye4.png">
      <Filter>Resource Files</Filter>
    </None>
    <None Include="appli\Pixmaps\eye.png">
      <Filter>Resource Files</Filter>
    </None>
    <None Include="appli\Pixmaps\eyes.png">
      <Filter>Resource Files</Filter>
    </None>
    <None Include="appli\Pixmaps\home.xpm">
      <Filter>Resource Files</Filter>
    </None>
    <None Include="appli\Pixmaps\noeye4.png">
      <Filter>Resource Files</Filter>
    </None>
    <None Include="appli\Pixmaps\noeye.png">
      <Filter>Resource Files</Filter>
    </None>
    <None Include="appli\Pixmaps\sethome.xpm">
      <Filter>Resource Files</Filter>
    </None>
    <None Include="appli\Pixmaps\camera.png">
      <Filter>Resource Files</Filter>
    </None>
    <None Include="appli\Pixmaps\global.png">
      <Filter>Resource Files</Filter>
    </None>
    <None Include="appli\Pixmaps\home.png">
      <Filter>Resource Files</Filter>
    </None>
    <None Include="appli\Pixmaps\sethome.png">
      <Filter>Resource Files</Filter>
    </None>
    <None Include="appli\Pixmaps\xy.png">
      <Filter>Resource Files</Filter>
    </None>
    <None Include="appli\Pixmaps\xz.png">
      <Filter>Resource Files</Filter>
    </None>
    <None Include="appli\Pixmaps\yz.png">
      <Filter>Resource Files</Filter>
    </None>
    <None Include="appli\Pixmaps\cgrid.svg">
      <Filter>Resource Files</Filter>
    </None>
    <None Include="appli\Pixmaps\pset.svg">
      <Filter>Resource Files</Filter>
    </None>
    <None Include="appli\Pixmaps\mgrid.svg">
      <Filter>Resource Files</Filter>
    </None>
    <None Include="appli\Pixmaps\cont_property.svg">
      <Filter>Resource Files</Filter>
    </None>
    <None Include="appli\Pixmaps\cat_property.svg">
      <Filter>Resource Files</Filter>
    </None>
    <None Include="appli\Pixmaps\background_color.svg">
      <Filter>Resource Files</Filter>
    </None>
    <None Include="appli\Pixmaps\scale_legend.svg">
      <Filter>Resource Files</Filter>
    </None>
    <None Include="appli\Pixmaps\log_grid.svg">
      <Filter>Resource Files</Filter>
    </None>
    <None Include="appli\Pixmaps\log_data.svg">
      <Filter>Resource Files</Filter>
    </None>
    <None Include="appli\Pixmaps\orientation_widget.svg">
      <Filter>Resource Files</Filter>
    </None>
    <None Include="appli\Pixmaps\distance_widget.svg">
      <Filter>Resource Files</Filter>
    </None>
    <None Include="appli\Pixmaps\region.svg">
      <Filter>Resource Files</Filter>
    </None>
    <None Include="appli\Pixmaps\cat_histo.svg">
      <Filter>Resource Files</Filter>
    </None>
    <None Include="appli\Pixmaps\distributions.svg">
      <Filter>Resource Files</Filter>
    </None>
    <None Include="appli\Pixmaps\histo-bars.svg">
      <Filter>Resource Files</Filter>
    </None>
    <None Include="appli\Pixmaps\weight_property.svg">
      <Filter>Resource Files</Filter>
    </None>
    <None Include="appli\Pixmaps\histo-bars-lines.svg">
      <Filter>Resource Files</Filter>
    </None>
    <None Include="appli\Pixmaps\histo-lines.svg">
      <Filter>Resource Files</Filter>
    </None>
    <None Include="appli\Pixmaps\ar2gems-splash.png">
      <Filter>Resource Files</Filter>
    </None>
    <None Include="appli\Pixmaps\ar2gems-icon-256x256.png">
      <Filter>Resource Files</Filter>
    </None>
  </ItemGroup>
</Project>