<?xml version="1.0" encoding="utf-8"?>
<Project ToolsVersion="4.0" xmlns="http://schemas.microsoft.com/developer/msbuild/2003">
  <ItemGroup>
    <Filter Include="Source Files">
      <UniqueIdentifier>{4FC737F1-C7A5-4376-A066-2A32D752A2FF}</UniqueIdentifier>
      <Extensions>cpp;cxx;c;def</Extensions>
    </Filter>
    <Filter Include="Header Files">
      <UniqueIdentifier>{93995380-89BD-4b04-88EB-625FBE52EBFB}</UniqueIdentifier>
      <Extensions>h</Extensions>
    </Filter>
    <Filter Include="Form Files">
      <UniqueIdentifier>{99349809-55BA-4b9d-BF79-8FDBB0286EB3}</UniqueIdentifier>
      <Extensions>ui</Extensions>
    </Filter>
    <Filter Include="Resource Files">
      <UniqueIdentifier>{D9D6E242-F8AF-46E4-B9FD-80ECBC20BA3E}</UniqueIdentifier>
      <Extensions>qrc;*</Extensions>
      <ParseFiles>false</ParseFiles>
    </Filter>
    <Filter Include="Generated Files">
      <UniqueIdentifier>{71ED8ED8-ACB9-4CE9-BBE1-E00B30144E11}</UniqueIdentifier>
      <Extensions>moc;h;cpp</Extensions>
      <SourceControlFiles>False</SourceControlFiles>
    </Filter>
    <Filter Include="Generated Files\Debug">
      <UniqueIdentifier>{18aaecd0-4dcf-4a08-b2f6-e900689924c8}</UniqueIdentifier>
      <Extensions>cpp;moc</Extensions>
      <SourceControlFiles>False</SourceControlFiles>
    </Filter>
    <Filter Include="Generated Files\Release">
      <UniqueIdentifier>{0dd757dd-0ad4-43db-8b9a-cd8c08744c28}</UniqueIdentifier>
      <Extensions>cpp;moc</Extensions>
      <SourceControlFiles>False</SourceControlFiles>
    </Filter>
  </ItemGroup>
  <ItemGroup>
    <ClCompile Include="categorical_histogram_proxy_model.cpp">
      <Filter>Source Files</Filter>
    </ClCompile>
    <ClCompile Include="chart_base.cpp">
      <Filter>Source Files</Filter>
    </ClCompile>
    <ClCompile Include="chart_categorical_histogram.cpp">
      <Filter>Source Files</Filter>
    </ClCompile>
    <ClCompile Include="chart_continuous_histogram.cpp">
      <Filter>Source Files</Filter>
    </ClCompile>
    <ClCompile Include="chart_display_control.cpp">
      <Filter>Source Files</Filter>
    </ClCompile>
    <ClCompile Include="chart_distribution.cpp">
      <Filter>Source Files</Filter>
    </ClCompile>
    <ClCompile Include="chart_option_controls.cpp">
      <Filter>Source Files</Filter>
    </ClCompile>
    <ClCompile Include="histogram_item_tree_view.cpp">
      <Filter>Source Files</Filter>
    </ClCompile>
    <ClCompile Include="histogram_proxy_model.cpp">
      <Filter>Source Files</Filter>
    </ClCompile>
    <ClCompile Include="GeneratedFiles\Debug\moc_categorical_histogram_proxy_model.cpp">
      <Filter>Generated Files\Debug</Filter>
    </ClCompile>
    <ClCompile Include="GeneratedFiles\Release\moc_categorical_histogram_proxy_model.cpp">
      <Filter>Generated Files\Release</Filter>
    </ClCompile>
    <ClCompile Include="GeneratedFiles\Debug\moc_chart_base.cpp">
      <Filter>Generated Files\Debug</Filter>
    </ClCompile>
    <ClCompile Include="GeneratedFiles\Release\moc_chart_base.cpp">
      <Filter>Generated Files\Release</Filter>
    </ClCompile>
    <ClCompile Include="GeneratedFiles\Debug\moc_chart_categorical_histogram.cpp">
      <Filter>Generated Files\Debug</Filter>
    </ClCompile>
    <ClCompile Include="GeneratedFiles\Release\moc_chart_categorical_histogram.cpp">
      <Filter>Generated Files\Release</Filter>
    </ClCompile>
    <ClCompile Include="GeneratedFiles\Debug\moc_chart_continuous_histogram.cpp">
      <Filter>Generated Files\Debug</Filter>
    </ClCompile>
    <ClCompile Include="GeneratedFiles\Release\moc_chart_continuous_histogram.cpp">
      <Filter>Generated Files\Release</Filter>
    </ClCompile>
    <ClCompile Include="GeneratedFiles\Debug\moc_chart_display_control.cpp">
      <Filter>Generated Files\Debug</Filter>
    </ClCompile>
    <ClCompile Include="GeneratedFiles\Release\moc_chart_display_control.cpp">
      <Filter>Generated Files\Release</Filter>
    </ClCompile>
    <ClCompile Include="GeneratedFiles\Debug\moc_chart_distribution.cpp">
      <Filter>Generated Files\Debug</Filter>
    </ClCompile>
    <ClCompile Include="GeneratedFiles\Release\moc_chart_distribution.cpp">
      <Filter>Generated Files\Release</Filter>
    </ClCompile>
    <ClCompile Include="GeneratedFiles\Debug\moc_chart_option_controls.cpp">
      <Filter>Generated Files\Debug</Filter>
    </ClCompile>
    <ClCompile Include="GeneratedFiles\Release\moc_chart_option_controls.cpp">
      <Filter>Generated Files\Release</Filter>
    </ClCompile>
    <ClCompile Include="GeneratedFiles\Debug\moc_histogram_item_tree_view.cpp">
      <Filter>Generated Files\Debug</Filter>
    </ClCompile>
    <ClCompile Include="GeneratedFiles\Release\moc_histogram_item_tree_view.cpp">
      <Filter>Generated Files\Release</Filter>
    </ClCompile>
    <ClCompile Include="GeneratedFiles\Debug\moc_histogram_proxy_model.cpp">
      <Filter>Generated Files\Debug</Filter>
    </ClCompile>
    <ClCompile Include="GeneratedFiles\Release\moc_histogram_proxy_model.cpp">
      <Filter>Generated Files\Release</Filter>
    </ClCompile>
    <ClCompile Include="GeneratedFiles\Debug\moc_histogram_chart_model.cpp">
      <Filter>Generated Files\Debug</Filter>
    </ClCompile>
    <ClCompile Include="GeneratedFiles\Release\moc_histogram_chart_model.cpp">
      <Filter>Generated Files\Release</Filter>
    </ClCompile>
    <ClCompile Include="region_weight_delegate.cpp">
      <Filter>Source Files</Filter>
    </ClCompile>
    <ClCompile Include="GeneratedFiles\Debug\moc_region_weight_delegate.cpp">
      <Filter>Generated Files\Debug</Filter>
    </ClCompile>
    <ClCompile Include="GeneratedFiles\Release\moc_region_weight_delegate.cpp">
      <Filter>Generated Files\Release</Filter>
    </ClCompile>
    <ClCompile Include="histogram_chart_model.cpp">
      <Filter>Source Files</Filter>
    </ClCompile>
    <ClCompile Include="library_charts_init.cpp">
      <Filter>Source Files</Filter>
    </ClCompile>
    <ClCompile Include="chart_mdi_area.cpp">
      <Filter>Source Files</Filter>
    </ClCompile>
    <ClCompile Include="GeneratedFiles\Debug\moc_chart_mdi_area.cpp">
      <Filter>Generated Files\Debug</Filter>
    </ClCompile>
    <ClCompile Include="GeneratedFiles\Release\moc_chart_mdi_area.cpp">
      <Filter>Generated Files\Release</Filter>
    </ClCompile>
    <ClCompile Include="GeneratedFiles\Debug\moc_chart_creator.cpp">
      <Filter>Generated Files\Debug</Filter>
    </ClCompile>
    <ClCompile Include="GeneratedFiles\Release\moc_chart_creator.cpp">
      <Filter>Generated Files\Release</Filter>
    </ClCompile>
    <ClCompile Include="categorical_histogram_creator.cpp">
      <Filter>Source Files</Filter>
    </ClCompile>
    <ClCompile Include="continuous_histogram_creator.cpp">
      <Filter>Source Files</Filter>
    </ClCompile>
    <ClCompile Include="GeneratedFiles\Debug\moc_categorical_histogram_creator.cpp">
      <Filter>Generated Files\Debug</Filter>
    </ClCompile>
    <ClCompile Include="GeneratedFiles\Release\moc_categorical_histogram_creator.cpp">
      <Filter>Generated Files\Release</Filter>
    </ClCompile>
    <ClCompile Include="GeneratedFiles\Debug\moc_continuous_histogram_creator.cpp">
      <Filter>Generated Files\Debug</Filter>
    </ClCompile>
    <ClCompile Include="GeneratedFiles\Release\moc_continuous_histogram_creator.cpp">
      <Filter>Generated Files\Release</Filter>
    </ClCompile>
    <ClCompile Include="GeneratedFiles\Debug\moc_chart_dialog.cpp">
      <Filter>Generated Files\Debug</Filter>
    </ClCompile>
    <ClCompile Include="GeneratedFiles\Release\moc_chart_dialog.cpp">
      <Filter>Generated Files\Release</Filter>
    </ClCompile>
    <ClCompile Include="chart_dialog.cpp">
      <Filter>Source Files</Filter>
    </ClCompile>
    <ClCompile Include="chart_scatter_plot.cpp">
      <Filter>Source Files</Filter>
    </ClCompile>
    <ClCompile Include="scatter_plot_item_tree_view.cpp">
      <Filter>Source Files</Filter>
    </ClCompile>
    <ClCompile Include="scatter_plot_point_style_delegate.cpp">
      <Filter>Source Files</Filter>
    </ClCompile>
    <ClCompile Include="GeneratedFiles\Debug\moc_scatter_plot_point_style_delegate.cpp">
      <Filter>Generated Files\Debug</Filter>
    </ClCompile>
    <ClCompile Include="GeneratedFiles\Release\moc_scatter_plot_point_style_delegate.cpp">
      <Filter>Generated Files\Release</Filter>
    </ClCompile>
    <ClCompile Include="histogram_style_delegate.cpp">
      <Filter>Source Files</Filter>
    </ClCompile>
    <ClCompile Include="scatter_plot_proxy_model.cpp">
      <Filter>Source Files</Filter>
    </ClCompile>
    <ClCompile Include="GeneratedFiles\Debug\moc_scatter_plot_proxy_model.cpp">
      <Filter>Generated Files\Debug</Filter>
    </ClCompile>
    <ClCompile Include="GeneratedFiles\Release\moc_scatter_plot_proxy_model.cpp">
      <Filter>Generated Files\Release</Filter>
    </ClCompile>
    <ClCompile Include="GeneratedFiles\Debug\moc_chart_scatter_plot.cpp">
      <Filter>Generated Files\Debug</Filter>
    </ClCompile>
    <ClCompile Include="GeneratedFiles\Release\moc_chart_scatter_plot.cpp">
      <Filter>Generated Files\Release</Filter>
    </ClCompile>
    <ClCompile Include="GeneratedFiles\Debug\moc_scatter_plot_creator.cpp">
      <Filter>Generated Files\Debug</Filter>
    </ClCompile>
    <ClCompile Include="GeneratedFiles\Release\moc_scatter_plot_creator.cpp">
      <Filter>Generated Files\Release</Filter>
    </ClCompile>
    <ClCompile Include="scatter_plot_creator.cpp">
      <Filter>Source Files</Filter>
    </ClCompile>
    <ClCompile Include="GeneratedFiles\Debug\moc_histogram_style_delegate.cpp">
      <Filter>Generated Files\Debug</Filter>
    </ClCompile>
    <ClCompile Include="GeneratedFiles\Release\moc_histogram_style_delegate.cpp">
      <Filter>Generated Files\Release</Filter>
    </ClCompile>
    <ClCompile Include="GeneratedFiles\Debug\moc_scatter_plot_item_tree_view.cpp">
      <Filter>Generated Files\Debug</Filter>
    </ClCompile>
    <ClCompile Include="GeneratedFiles\Release\moc_scatter_plot_item_tree_view.cpp">
      <Filter>Generated Files\Release</Filter>
    </ClCompile>
    <ClCompile Include="categorical_histogram_model_item.cpp">
      <Filter>Source Files</Filter>
    </ClCompile>
    <ClCompile Include="histogram_model_item.cpp">
      <Filter>Source Files</Filter>
    </ClCompile>
    <ClCompile Include="scatter_plot_model_item.cpp">
      <Filter>Source Files</Filter>
    </ClCompile>
    <ClCompile Include="chart_base_display_controls.cpp">
      <Filter>Source Files</Filter>
    </ClCompile>
    <ClCompile Include="GeneratedFiles\Debug\moc_chart_base_display_controls.cpp">
      <Filter>Generated Files\Debug</Filter>
    </ClCompile>
    <ClCompile Include="GeneratedFiles\Release\moc_chart_base_display_controls.cpp">
      <Filter>Generated Files\Release</Filter>
    </ClCompile>
  </ItemGroup>
  <ItemGroup>
    <ClInclude Include="GeneratedFiles\ui_chart_display_control.h">
      <Filter>Generated Files</Filter>
    </ClInclude>
    <ClInclude Include="common.h">
      <Filter>Header Files</Filter>
    </ClInclude>
    <ClInclude Include="library_charts_init.h">
      <Filter>Header Files</Filter>
    </ClInclude>
    <ClInclude Include="chart_model_item.h">
      <Filter>Header Files</Filter>
    </ClInclude>
  </ItemGroup>
  <ItemGroup>
    <CustomBuild Include="categorical_histogram_proxy_model.h">
      <Filter>Header Files</Filter>
    </CustomBuild>
    <CustomBuild Include="chart_base.h">
      <Filter>Header Files</Filter>
    </CustomBuild>
    <CustomBuild Include="chart_categorical_histogram.h">
      <Filter>Header Files</Filter>
    </CustomBuild>
    <CustomBuild Include="chart_continuous_histogram.h">
      <Filter>Header Files</Filter>
    </CustomBuild>
    <CustomBuild Include="chart_display_control.h">
      <Filter>Header Files</Filter>
    </CustomBuild>
    <CustomBuild Include="chart_distribution.h">
      <Filter>Header Files</Filter>
    </CustomBuild>
    <CustomBuild Include="chart_option_controls.h">
      <Filter>Header Files</Filter>
    </CustomBuild>
    <CustomBuild Include="histogram_item_tree_view.h">
      <Filter>Header Files</Filter>
    </CustomBuild>
    <CustomBuild Include="histogram_proxy_model.h">
      <Filter>Header Files</Filter>
    </CustomBuild>
    <CustomBuild Include="chart_display_control.ui">
      <Filter>Form Files</Filter>
    </CustomBuild>
    <CustomBuild Include="histogram_chart_model.h">
      <Filter>Header Files</Filter>
    </CustomBuild>
    <CustomBuild Include="region_weight_delegate.h">
      <Filter>Header Files</Filter>
    </CustomBuild>
    <CustomBuild Include="chart_mdi_area.h">
      <Filter>Header Files</Filter>
    </CustomBuild>
    <CustomBuild Include="chart_creator.h">
      <Filter>Header Files</Filter>
    </CustomBuild>
    <CustomBuild Include="categorical_histogram_creator.h">
      <Filter>Header Files</Filter>
    </CustomBuild>
    <CustomBuild Include="continuous_histogram_creator.h">
      <Filter>Header Files</Filter>
    </CustomBuild>
    <CustomBuild Include="chart_dialog.h">
      <Filter>Header Files</Filter>
    </CustomBuild>
    <CustomBuild Include="scatter_plot_point_style_delegate.h">
      <Filter>Header Files</Filter>
    </CustomBuild>
    <CustomBuild Include="scatter_plot_proxy_model.h">
      <Filter>Header Files</Filter>
    </CustomBuild>
    <CustomBuild Include="chart_scatter_plot.h">
      <Filter>Header Files</Filter>
    </CustomBuild>
    <CustomBuild Include="scatter_plot_creator.h">
      <Filter>Header Files</Filter>
    </CustomBuild>
    <CustomBuild Include="histogram_style_delegate.h">
      <Filter>Header Files</Filter>
    </CustomBuild>
    <CustomBuild Include="scatter_plot_item_tree_view.h">
      <Filter>Header Files</Filter>
    </CustomBuild>
    <CustomBuild Include="categorical_histogram_model_item.h">
      <Filter>Header Files</Filter>
    </CustomBuild>
    <CustomBuild Include="histogram_model_item.h">
      <Filter>Header Files</Filter>
    </CustomBuild>
    <CustomBuild Include="scatter_plot_model_item.h">
      <Filter>Header Files</Filter>
    </CustomBuild>
    <CustomBuild Include="chart_base_display_controls.h">
      <Filter>Header Files</Filter>
    </CustomBuild>
  </ItemGroup>
</Project>